
Microsoft Visual Studio Solution File, Format Version 12.00
# Visual Studio Version 17
VisualStudioVersion = 17.9.34607.119
MinimumVisualStudioVersion = 10.0.40219.1
Project("{FAE04EC0-301F-11D3-BF4B-00C04F79EFBC}") = "KiteSpotsApi", "KiteSpotsApi\KiteSpotsApi.csproj", "{B92E0891-8D74-432E-AD2C-8DE8140F7351}"
EndProject
Project("{FAE04EC0-301F-11D3-BF4B-00C04F79EFBC}") = "DataAccess", "DataAccess\DataAccess.csproj", "{84BED826-B054-4400-977F-69736F233F66}"
EndProject
Project("{2150E333-8FDC-42A3-9474-1A3956D46DE8}") = "Backend", "Backend", "{0BF6109F-8C02-48D5-8A05-67B2734B23C0}"
EndProject
Project("{FAE04EC0-301F-11D3-BF4B-00C04F79EFBC}") = "KiteSpots.Client", "KiteSpots.Client\KiteSpots.Client.csproj", "{F38754CC-5A11-419D-A648-54F6E58124E6}"
EndProject
Project("{2150E333-8FDC-42A3-9474-1A3956D46DE8}") = "Frontend", "Frontend", "{3AA12573-B38D-4FD8-9229-B3A9ED30D29D}"
EndProject
Project("{FAE04EC0-301F-11D3-BF4B-00C04F79EFBC}") = "Common", "Common\Common.csproj", "{5E58369B-5580-4F20-8EA7-26B8308092A8}"
EndProject
Global
	GlobalSection(SolutionConfigurationPlatforms) = preSolution
		Debug|Any CPU = Debug|Any CPU
		Release|Any CPU = Release|Any CPU
	EndGlobalSection
	GlobalSection(ProjectConfigurationPlatforms) = postSolution
		{B92E0891-8D74-432E-AD2C-8DE8140F7351}.Debug|Any CPU.ActiveCfg = Debug|Any CPU
		{B92E0891-8D74-432E-AD2C-8DE8140F7351}.Debug|Any CPU.Build.0 = Debug|Any CPU
		{B92E0891-8D74-432E-AD2C-8DE8140F7351}.Release|Any CPU.ActiveCfg = Release|Any CPU
		{B92E0891-8D74-432E-AD2C-8DE8140F7351}.Release|Any CPU.Build.0 = Release|Any CPU
		{84BED826-B054-4400-977F-69736F233F66}.Debug|Any CPU.ActiveCfg = Debug|Any CPU
		{84BED826-B054-4400-977F-69736F233F66}.Debug|Any CPU.Build.0 = Debug|Any CPU
		{84BED826-B054-4400-977F-69736F233F66}.Release|Any CPU.ActiveCfg = Release|Any CPU
		{84BED826-B054-4400-977F-69736F233F66}.Release|Any CPU.Build.0 = Release|Any CPU
		{F38754CC-5A11-419D-A648-54F6E58124E6}.Debug|Any CPU.ActiveCfg = Debug|Any CPU
		{F38754CC-5A11-419D-A648-54F6E58124E6}.Debug|Any CPU.Build.0 = Debug|Any CPU
		{F38754CC-5A11-419D-A648-54F6E58124E6}.Release|Any CPU.ActiveCfg = Release|Any CPU
		{F38754CC-5A11-419D-A648-54F6E58124E6}.Release|Any CPU.Build.0 = Release|Any CPU
		{5E58369B-5580-4F20-8EA7-26B8308092A8}.Debug|Any CPU.ActiveCfg = Debug|Any CPU
		{5E58369B-5580-4F20-8EA7-26B8308092A8}.Debug|Any CPU.Build.0 = Debug|Any CPU
		{5E58369B-5580-4F20-8EA7-26B8308092A8}.Release|Any CPU.ActiveCfg = Release|Any CPU
		{5E58369B-5580-4F20-8EA7-26B8308092A8}.Release|Any CPU.Build.0 = Release|Any CPU
	EndGlobalSection
	GlobalSection(SolutionProperties) = preSolution
		HideSolutionNode = FALSE
	EndGlobalSection
	GlobalSection(NestedProjects) = preSolution
		{B92E0891-8D74-432E-AD2C-8DE8140F7351} = {0BF6109F-8C02-48D5-8A05-67B2734B23C0}
		{84BED826-B054-4400-977F-69736F233F66} = {0BF6109F-8C02-48D5-8A05-67B2734B23C0}
		{F38754CC-5A11-419D-A648-54F6E58124E6} = {3AA12573-B38D-4FD8-9229-B3A9ED30D29D}
	EndGlobalSection
	GlobalSection(ExtensibilityGlobals) = postSolution
		SolutionGuid = {84F54C99-BD62-4B18-AD23-8248365059FC}
	EndGlobalSection
EndGlobal
